// !$*UTF8*$!
{
	archiveVersion = 1;
	classes = {
	};
	objectVersion = 46;
	objects = {

/* Begin PBXBuildFile section */
		34B5363E1AC209B900BB00BF /* AppDelegate.swift in Sources */ = {isa = PBXBuildFile; fileRef = 34B5363D1AC209B900BB00BF /* AppDelegate.swift */; };
		34B536401AC209B900BB00BF /* ViewController.swift in Sources */ = {isa = PBXBuildFile; fileRef = 34B5363F1AC209B900BB00BF /* ViewController.swift */; };
		34B536431AC209B900BB00BF /* Main.storyboard in Resources */ = {isa = PBXBuildFile; fileRef = 34B536411AC209B900BB00BF /* Main.storyboard */; };
		34B536451AC209B900BB00BF /* Images.xcassets in Resources */ = {isa = PBXBuildFile; fileRef = 34B536441AC209B900BB00BF /* Images.xcassets */; };
		34B536481AC209B900BB00BF /* LaunchScreen.xib in Resources */ = {isa = PBXBuildFile; fileRef = 34B536461AC209B900BB00BF /* LaunchScreen.xib */; };
		34B536541AC209B900BB00BF /* Assignment_7Tests.swift in Sources */ = {isa = PBXBuildFile; fileRef = 34B536531AC209B900BB00BF /* Assignment_7Tests.swift */; };
/* End PBXBuildFile section */

/* Begin PBXContainerItemProxy section */
		34B5364E1AC209B900BB00BF /* PBXContainerItemProxy */ = {
			isa = PBXContainerItemProxy;
			containerPortal = 34B536301AC209B900BB00BF /* Project object */;
			proxyType = 1;
			remoteGlobalIDString = 34B536371AC209B900BB00BF;
			remoteInfo = "Assignment 7";
		};
/* End PBXContainerItemProxy section */

/* Begin PBXFileReference section */
		34B536381AC209B900BB00BF /* Assignment 7.app */ = {isa = PBXFileReference; explicitFileType = wrapper.application; includeInIndex = 0; path = "Assignment 7.app"; sourceTree = BUILT_PRODUCTS_DIR; };
		34B5363C1AC209B900BB00BF /* Info.plist */ = {isa = PBXFileReference; lastKnownFileType = text.plist.xml; path = Info.plist; sourceTree = "<group>"; };
		34B5363D1AC209B900BB00BF /* AppDelegate.swift */ = {isa = PBXFileReference; lastKnownFileType = sourcecode.swift; path = AppDelegate.swift; sourceTree = "<group>"; };
		34B5363F1AC209B900BB00BF /* ViewController.swift */ = {isa = PBXFileReference; lastKnownFileType = sourcecode.swift; path = ViewController.swift; sourceTree = "<group>"; };
		34B536421AC209B900BB00BF /* Base */ = {isa = PBXFileReference; lastKnownFileType = file.storyboard; name = Base; path = Base.lproj/Main.storyboard; sourceTree = "<group>"; };
		34B536441AC209B900BB00BF /* Images.xcassets */ = {isa = PBXFileReference; lastKnownFileType = folder.assetcatalog; path = Images.xcassets; sourceTree = "<group>"; };
		34B536471AC209B900BB00BF /* Base */ = {isa = PBXFileReference; lastKnownFileType = file.xib; name = Base; path = Base.lproj/LaunchScreen.xib; sourceTree = "<group>"; };
		34B5364D1AC209B900BB00BF /* Assignment 7Tests.xctest */ = {isa = PBXFileReference; explicitFileType = wrapper.cfbundle; includeInIndex = 0; path = "Assignment 7Tests.xctest"; sourceTree = BUILT_PRODUCTS_DIR; };
		34B536521AC209B900BB00BF /* Info.plist */ = {isa = PBXFileReference; lastKnownFileType = text.plist.xml; path = Info.plist; sourceTree = "<group>"; };
		34B536531AC209B900BB00BF /* Assignment_7Tests.swift */ = {isa = PBXFileReference; lastKnownFileType = sourcecode.swift; path = Assignment_7Tests.swift; sourceTree = "<group>"; };
/* End PBXFileReference section */

/* Begin PBXFrameworksBuildPhase section */
		34B536351AC209B900BB00BF /* Frameworks */ = {
			isa = PBXFrameworksBuildPhase;
			buildActionMask = 2147483647;
			files = (
			);
			runOnlyForDeploymentPostprocessing = 0;
		};
		34B5364A1AC209B900BB00BF /* Frameworks */ = {
			isa = PBXFrameworksBuildPhase;
			buildActionMask = 2147483647;
			files = (
			);
			runOnlyForDeploymentPostprocessing = 0;
		};
/* End PBXFrameworksBuildPhase section */

/* Begin PBXGroup section */
		34B5362F1AC209B900BB00BF = {
			isa = PBXGroup;
			children = (
				34B5363A1AC209B900BB00BF /* Assignment 7 */,
				34B536501AC209B900BB00BF /* Assignment 7Tests */,
				34B536391AC209B900BB00BF /* Products */,
			);
			sourceTree = "<group>";
		};
		34B536391AC209B900BB00BF /* Products */ = {
			isa = PBXGroup;
			children = (
				34B536381AC209B900BB00BF /* Assignment 7.app */,
				34B5364D1AC209B900BB00BF /* Assignment 7Tests.xctest */,
			);
			name = Products;
			sourceTree = "<group>";
		};
		34B5363A1AC209B900BB00BF /* Assignment 7 */ = {
			isa = PBXGroup;
			children = (
				34B5363D1AC209B900BB00BF /* AppDelegate.swift */,
				34B5363F1AC209B900BB00BF /* ViewController.swift */,
				34B536411AC209B900BB00BF /* Main.storyboard */,
				34B536441AC209B900BB00BF /* Images.xcassets */,
				34B536461AC209B900BB00BF /* LaunchScreen.xib */,
				34B5363B1AC209B900BB00BF /* Supporting Files */,
			);
			path = "Assignment 7";
			sourceTree = "<group>";
		};
		34B5363B1AC209B900BB00BF /* Supporting Files */ = {
			isa = PBXGroup;
			children = (
				34B5363C1AC209B900BB00BF /* Info.plist */,
			);
			name = "Supporting Files";
			sourceTree = "<group>";
		};
		34B536501AC209B900BB00BF /* Assignment 7Tests */ = {
			isa = PBXGroup;
			children = (
				34B536531AC209B900BB00BF /* Assignment_7Tests.swift */,
				34B536511AC209B900BB00BF /* Supporting Files */,
			);
			path = "Assignment 7Tests";
			sourceTree = "<group>";
		};
		34B536511AC209B900BB00BF /* Supporting Files */ = {
			isa = PBXGroup;
			children = (
				34B536521AC209B900BB00BF /* Info.plist */,
			);
			name = "Supporting Files";
			sourceTree = "<group>";
		};
/* End PBXGroup section */

/* Begin PBXNativeTarget section */
		34B536371AC209B900BB00BF /* Assignment 7 */ = {
			isa = PBXNativeTarget;
			buildConfigurationList = 34B536571AC209B900BB00BF /* Build configuration list for PBXNativeTarget "Assignment 7" */;
			buildPhases = (
				34B536341AC209B900BB00BF /* Sources */,
				34B536351AC209B900BB00BF /* Frameworks */,
				34B536361AC209B900BB00BF /* Resources */,
			);
			buildRules = (
			);
			dependencies = (
			);
			name = "Assignment 7";
			productName = "Assignment 7";
			productReference = 34B536381AC209B900BB00BF /* Assignment 7.app */;
			productType = "com.apple.product-type.application";
		};
		34B5364C1AC209B900BB00BF /* Assignment 7Tests */ = {
			isa = PBXNativeTarget;
			buildConfigurationList = 34B5365A1AC209B900BB00BF /* Build configuration list for PBXNativeTarget "Assignment 7Tests" */;
			buildPhases = (
				34B536491AC209B900BB00BF /* Sources */,
				34B5364A1AC209B900BB00BF /* Frameworks */,
				34B5364B1AC209B900BB00BF /* Resources */,
			);
			buildRules = (
			);
			dependencies = (
				34B5364F1AC209B900BB00BF /* PBXTargetDependency */,
			);
			name = "Assignment 7Tests";
			productName = "Assignment 7Tests";
			productReference = 34B5364D1AC209B900BB00BF /* Assignment 7Tests.xctest */;
			productType = "com.apple.product-type.bundle.unit-test";
		};
/* End PBXNativeTarget section */

/* Begin PBXProject section */
		34B536301AC209B900BB00BF /* Project object */ = {
			isa = PBXProject;
			attributes = {
				LastUpgradeCheck = 0610;
				ORGANIZATIONNAME = "Jason Michael Miletta";
				TargetAttributes = {
					34B536371AC209B900BB00BF = {
						CreatedOnToolsVersion = 6.1.1;
					};
					34B5364C1AC209B900BB00BF = {
						CreatedOnToolsVersion = 6.1.1;
						TestTargetID = 34B536371AC209B900BB00BF;
					};
				};
			};
			buildConfigurationList = 34B536331AC209B900BB00BF /* Build configuration list for PBXProject "Assignment 7" */;
			compatibilityVersion = "Xcode 3.2";
			developmentRegion = English;
			hasScannedForEncodings = 0;
			knownRegions = (
				en,
				Base,
			);
			mainGroup = 34B5362F1AC209B900BB00BF;
			productRefGroup = 34B536391AC209B900BB00BF /* Products */;
			projectDirPath = "";
			projectRoot = "";
			targets = (
				34B536371AC209B900BB00BF /* Assignment 7 */,
				34B5364C1AC209B900BB00BF /* Assignment 7Tests */,
			);
		};
/* End PBXProject section */

/* Begin PBXResourcesBuildPhase section */
		34B536361AC209B900BB00BF /* Resources */ = {
			isa = PBXResourcesBuildPhase;
			buildActionMask = 2147483647;
			files = (
				34B536431AC209B900BB00BF /* Main.storyboard in Resources */,
				34B536481AC209B900BB00BF /* LaunchScreen.xib in Resources */,
				34B536451AC209B900BB00BF /* Images.xcassets in Resources */,
			);
			runOnlyForDeploymentPostprocessing = 0;
		};
		34B5364B1AC209B900BB00BF /* Resources */ = {
			isa = PBXResourcesBuildPhase;
			buildActionMask = 2147483647;
			files = (
			);
			runOnlyForDeploymentPostprocessing = 0;
		};
/* End PBXResourcesBuildPhase section */

/* Begin PBXSourcesBuildPhase section */
		34B536341AC209B900BB00BF /* Sources */ = {
			isa = PBXSourcesBuildPhase;
			buildActionMask = 2147483647;
			files = (
				34B536401AC209B900BB00BF /* ViewController.swift in Sources */,
				34B5363E1AC209B900BB00BF /* AppDelegate.swift in Sources */,
			);
			runOnlyForDeploymentPostprocessing = 0;
		};
		34B536491AC209B900BB00BF /* Sources */ = {
			isa = PBXSourcesBuildPhase;
			buildActionMask = 2147483647;
			files = (
				34B536541AC209B900BB00BF /* Assignment_7Tests.swift in Sources */,
			);
			runOnlyForDeploymentPostprocessing = 0;
		};
/* End PBXSourcesBuildPhase section */

/* Begin PBXTargetDependency section */
		34B5364F1AC209B900BB00BF /* PBXTargetDependency */ = {
			isa = PBXTargetDependency;
			target = 34B536371AC209B900BB00BF /* Assignment 7 */;
			targetProxy = 34B5364E1AC209B900BB00BF /* PBXContainerItemProxy */;
		};
/* End PBXTargetDependency section */

/* Begin PBXVariantGroup section */
		34B536411AC209B900BB00BF /* Main.storyboard */ = {
			isa = PBXVariantGroup;
			children = (
				34B536421AC209B900BB00BF /* Base */,
			);
			name = Main.storyboard;
			sourceTree = "<group>";
		};
		34B536461AC209B900BB00BF /* LaunchScreen.xib */ = {
			isa = PBXVariantGroup;
			children = (
				34B536471AC209B900BB00BF /* Base */,
			);
			name = LaunchScreen.xib;
			sourceTree = "<group>";
		};
/* End PBXVariantGroup section */

/* Begin XCBuildConfiguration section */
		34B536551AC209B900BB00BF /* Debug */ = {
			isa = XCBuildConfiguration;
			buildSettings = {
				ALWAYS_SEARCH_USER_PATHS = NO;
				CLANG_CXX_LANGUAGE_STANDARD = "gnu++0x";
				CLANG_CXX_LIBRARY = "libc++";
				CLANG_ENABLE_MODULES = YES;
				CLANG_ENABLE_OBJC_ARC = YES;
				CLANG_WARN_BOOL_CONVERSION = YES;
				CLANG_WARN_CONSTANT_CONVERSION = YES;
				CLANG_WARN_DIRECT_OBJC_ISA_USAGE = YES_ERROR;
				CLANG_WARN_EMPTY_BODY = YES;
				CLANG_WARN_ENUM_CONVERSION = YES;
				CLANG_WARN_INT_CONVERSION = YES;
				CLANG_WARN_OBJC_ROOT_CLASS = YES_ERROR;
				CLANG_WARN_UNREACHABLE_CODE = YES;
				CLANG_WARN__DUPLICATE_METHOD_MATCH = YES;
				"CODE_SIGN_IDENTITY[sdk=iphoneos*]" = "iPhone Developer";
				COPY_PHASE_STRIP = NO;
				ENABLE_STRICT_OBJC_MSGSEND = YES;
				GCC_C_LANGUAGE_STANDARD = gnu99;
				GCC_DYNAMIC_NO_PIC = NO;
				GCC_OPTIMIZATION_LEVEL = 0;
				GCC_PREPROCESSOR_DEFINITIONS = (
					"DEBUG=1",
					"$(inherited)",
				);
				GCC_SYMBOLS_PRIVATE_EXTERN = NO;
				GCC_WARN_64_TO_32_BIT_CONVERSION = YES;
				GCC_WARN_ABOUT_RETURN_TYPE = YES_ERROR;
				GCC_WARN_UNDECLARED_SELECTOR = YES;
				GCC_WARN_UNINITIALIZED_AUTOS = YES_AGGRESSIVE;
				GCC_WARN_UNUSED_FUNCTION = YES;
				GCC_WARN_UNUSED_VARIABLE = YES;
				IPHONEOS_DEPLOYMENT_TARGET = 8.1;
				MTL_ENABLE_DEBUG_INFO = YES;
				ONLY_ACTIVE_ARCH = YES;
				SDKROOT = iphoneos;
				SWIFT_OPTIMIZATION_LEVEL = "-Onone";
				TARGETED_DEVICE_FAMILY = "1,2";
			};
			name = Debug;
		};
		34B536561AC209B900BB00BF /* Release */ = {
			isa = XCBuildConfiguration;
			buildSettings = {
				ALWAYS_SEARCH_USER_PATHS = NO;
				CLANG_CXX_LANGUAGE_STANDARD = "gnu++0x";
				CLANG_CXX_LIBRARY = "libc++";
				CLANG_ENABLE_MODULES = YES;
				CLANG_ENABLE_OBJC_ARC = YES;
				CLANG_WARN_BOOL_CONVERSION = YES;
				CLANG_WARN_CONSTANT_CONVERSION = YES;
				CLANG_WARN_DIRECT_OBJC_ISA_USAGE = YES_ERROR;
				CLANG_WARN_EMPTY_BODY = YES;
				CLANG_WARN_ENUM_CONVERSION = YES;
				CLANG_WARN_INT_CONVERSION = YES;
				CLANG_WARN_OBJC_ROOT_CLASS = YES_ERROR;
				CLANG_WARN_UNREACHABLE_CODE = YES;
				CLANG_WARN__DUPLICATE_METHOD_MATCH = YES;
				"CODE_SIGN_IDENTITY[sdk=iphoneos*]" = "iPhone Developer";
				COPY_PHASE_STRIP = YES;
				ENABLE_NS_ASSERTIONS = NO;
				ENABLE_STRICT_OBJC_MSGSEND = YES;
				GCC_C_LANGUAGE_STANDARD = gnu99;
				GCC_WARN_64_TO_32_BIT_CONVERSION = YES;
				GCC_WARN_ABOUT_RETURN_TYPE = YES_ERROR;
				GCC_WARN_UNDECLARED_SELECTOR = YES;
				GCC_WARN_UNINITIALIZED_AUTOS = YES_AGGRESSIVE;
				GCC_WARN_UNUSED_FUNCTION = YES;
				GCC_WARN_UNUSED_VARIABLE = YES;
				IPHONEOS_DEPLOYMENT_TARGET = 8.1;
				MTL_ENABLE_DEBUG_INFO = NO;
				SDKROOT = iphoneos;
				TARGETED_DEVICE_FAMILY = "1,2";
				VALIDATE_PRODUCT = YES;
			};
			name = Release;
		};
		34B536581AC209B900BB00BF /* Debug */ = {
			isa = XCBuildConfiguration;
			buildSettings = {
				ASSETCATALOG_COMPILER_APPICON_NAME = AppIcon;
				INFOPLIST_FILE = "Assignment 7/Info.plist";
				LD_RUNPATH_SEARCH_PATHS = "$(inherited) @executable_path/Frameworks";
				PRODUCT_NAME = "$(TARGET_NAME)";
			};
			name = Debug;
		};
		34B536591AC209B900BB00BF /* Release */ = {
			isa = XCBuildConfiguration;
			buildSettings = {
				ASSETCATALOG_COMPILER_APPICON_NAME = AppIcon;
				INFOPLIST_FILE = "Assignment 7/Info.plist";
				LD_RUNPATH_SEARCH_PATHS = "$(inherited) @executable_path/Frameworks";
				PRODUCT_NAME = "$(TARGET_NAME)";
			};
			name = Release;
		};
		34B5365B1AC209B900BB00BF /* Debug */ = {
			isa = XCBuildConfiguration;
			buildSettings = {
				BUNDLE_LOADER = "$(TEST_HOST)";
				FRAMEWORK_SEARCH_PATHS = (
					"$(SDKROOT)/Developer/Library/Frameworks",
					"$(inherited)",
				);
				GCC_PREPROCESSOR_DEFINITIONS = (
					"DEBUG=1",
					"$(inherited)",
				);
				INFOPLIST_FILE = "Assignment 7Tests/Info.plist";
				LD_RUNPATH_SEARCH_PATHS = "$(inherited) @executable_path/Frameworks @loader_path/Frameworks";
				PRODUCT_NAME = "$(TARGET_NAME)";
				TEST_HOST = "$(BUILT_PRODUCTS_DIR)/Assignment 7.app/Assignment 7";
			};
			name = Debug;
		};
		34B5365C1AC209B900BB00BF /* Release */ = {
			isa = XCBuildConfiguration;
			buildSettings = {
				BUNDLE_LOADER = "$(TEST_HOST)";
				FRAMEWORK_SEARCH_PATHS = (
					"$(SDKROOT)/Developer/Library/Frameworks",
					"$(inherited)",
				);
				INFOPLIST_FILE = "Assignment 7Tests/Info.plist";
				LD_RUNPATH_SEARCH_PATHS = "$(inherited) @executable_path/Frameworks @loader_path/Frameworks";
				PRODUCT_NAME = "$(TARGET_NAME)";
				TEST_HOST = "$(BUILT_PRODUCTS_DIR)/Assignment 7.app/Assignment 7";
			};
			name = Release;
		};
/* End XCBuildConfiguration section */

/* Begin XCConfigurationList section */
		34B536331AC209B900BB00BF /* Build configuration list for PBXProject "Assignment 7" */ = {
			isa = XCConfigurationList;
			buildConfigurations = (
				34B536551AC209B900BB00BF /* Debug */,
				34B536561AC209B900BB00BF /* Release */,
			);
			defaultConfigurationIsVisible = 0;
			defaultConfigurationName = Release;
		};
		34B536571AC209B900BB00BF /* Build configuration list for PBXNativeTarget "Assignment 7" */ = {
			isa = XCConfigurationList;
			buildConfigurations = (
				34B536581AC209B900BB00BF /* Debug */,
				34B536591AC209B900BB00BF /* Release */,
			);
			defaultConfigurationIsVisible = 0;
		};
		34B5365A1AC209B900BB00BF /* Build configuration list for PBXNativeTarget "Assignment 7Tests" */ = {
			isa = XCConfigurationList;
			buildConfigurations = (
				34B5365B1AC209B900BB00BF /* Debug */,
				34B5365C1AC209B900BB00BF /* Release */,
			);
			defaultConfigurationIsVisible = 0;
		};
/* End XCConfigurationList section */
	};
	rootObject = 34B536301AC209B900BB00BF /* Project object */;
}
